
Microsoft Visual Studio Solution File, Format Version 12.00
# Visual Studio Version 16
VisualStudioVersion = 16.0.29009.5
MinimumVisualStudioVersion = 10.0.40219.1
Project("{FAE04EC0-301F-11D3-BF4B-00C04F79EFBC}") = "Collections", "Collections\Collections.csproj", "{BE6EFA6D-FC14-402B-837D-853050663150}"
EndProject
Global
	GlobalSection(SolutionConfigurationPlatforms) = preSolution
		Debug|Any CPU = Debug|Any CPU
		Release|Any CPU = Release|Any CPU
	EndGlobalSection
	GlobalSection(ProjectConfigurationPlatforms) = postSolution
		{BE6EFA6D-FC14-402B-837D-853050663150}.Debug|Any CPU.ActiveCfg = Debug|Any CPU
		{BE6EFA6D-FC14-402B-837D-853050663150}.Debug|Any CPU.Build.0 = Debug|Any CPU
		{BE6EFA6D-FC14-402B-837D-853050663150}.Release|Any CPU.ActiveCfg = Release|Any CPU
		{BE6EFA6D-FC14-402B-837D-853050663150}.Release|Any CPU.Build.0 = Release|Any CPU
	EndGlobalSection
	GlobalSection(SolutionProperties) = preSolution
		HideSolutionNode = FALSE
	EndGlobalSection
	GlobalSection(ExtensibilityGlobals) = postSolution
		SolutionGuid = {42D5E171-56B3-4F83-B94C-4BE17F64D851}
	EndGlobalSection
EndGlobal
