
Microsoft Visual Studio Solution File, Format Version 12.00
# Visual Studio Version 16
VisualStudioVersion = 16.0.29009.5
MinimumVisualStudioVersion = 10.0.40219.1
Project("{FAE04EC0-301F-11D3-BF4B-00C04F79EFBC}") = "DelegatesApplication", "DelegatesApplication\DelegatesApplication.csproj", "{057A6846-FD67-4FDC-849E-9814FABC7C89}"
EndProject
Global
	GlobalSection(SolutionConfigurationPlatforms) = preSolution
		Debug|Any CPU = Debug|Any CPU
		Release|Any CPU = Release|Any CPU
	EndGlobalSection
	GlobalSection(ProjectConfigurationPlatforms) = postSolution
		{057A6846-FD67-4FDC-849E-9814FABC7C89}.Debug|Any CPU.ActiveCfg = Debug|Any CPU
		{057A6846-FD67-4FDC-849E-9814FABC7C89}.Debug|Any CPU.Build.0 = Debug|Any CPU
		{057A6846-FD67-4FDC-849E-9814FABC7C89}.Release|Any CPU.ActiveCfg = Release|Any CPU
		{057A6846-FD67-4FDC-849E-9814FABC7C89}.Release|Any CPU.Build.0 = Release|Any CPU
	EndGlobalSection
	GlobalSection(SolutionProperties) = preSolution
		HideSolutionNode = FALSE
	EndGlobalSection
	GlobalSection(ExtensibilityGlobals) = postSolution
		SolutionGuid = {15532304-57E3-4800-8EF6-74B6CA9D0BBA}
	EndGlobalSection
EndGlobal
