
Microsoft Visual Studio Solution File, Format Version 12.00
# Visual Studio Version 16
VisualStudioVersion = 16.0.29102.190
MinimumVisualStudioVersion = 10.0.40219.1
Project("{FAE04EC0-301F-11D3-BF4B-00C04F79EFBC}") = "WebApiVersioning", "WebApiVersioning\WebApiVersioning.csproj", "{5F45F3F0-A82F-41C1-9BCE-8206861C3433}"
EndProject
Global
	GlobalSection(SolutionConfigurationPlatforms) = preSolution
		Debug|Any CPU = Debug|Any CPU
		Release|Any CPU = Release|Any CPU
	EndGlobalSection
	GlobalSection(ProjectConfigurationPlatforms) = postSolution
		{5F45F3F0-A82F-41C1-9BCE-8206861C3433}.Debug|Any CPU.ActiveCfg = Debug|Any CPU
		{5F45F3F0-A82F-41C1-9BCE-8206861C3433}.Debug|Any CPU.Build.0 = Debug|Any CPU
		{5F45F3F0-A82F-41C1-9BCE-8206861C3433}.Release|Any CPU.ActiveCfg = Release|Any CPU
		{5F45F3F0-A82F-41C1-9BCE-8206861C3433}.Release|Any CPU.Build.0 = Release|Any CPU
	EndGlobalSection
	GlobalSection(SolutionProperties) = preSolution
		HideSolutionNode = FALSE
	EndGlobalSection
	GlobalSection(ExtensibilityGlobals) = postSolution
		SolutionGuid = {4AD14C5F-0F12-41EB-95F4-92A99C99ED21}
	EndGlobalSection
EndGlobal
