
Microsoft Visual Studio Solution File, Format Version 12.00
# Visual Studio Version 16
VisualStudioVersion = 16.0.29009.5
MinimumVisualStudioVersion = 10.0.40219.1
Project("{FAE04EC0-301F-11D3-BF4B-00C04F79EFBC}") = "ReflectionsReadMetaDataAttributes", "ReflectionsReadMetaDataAttributes\ReflectionsReadMetaDataAttributes.csproj", "{6F866A74-25A0-45A6-83EA-D81AF55015E9}"
EndProject
Global
	GlobalSection(SolutionConfigurationPlatforms) = preSolution
		Debug|Any CPU = Debug|Any CPU
		Release|Any CPU = Release|Any CPU
	EndGlobalSection
	GlobalSection(ProjectConfigurationPlatforms) = postSolution
		{6F866A74-25A0-45A6-83EA-D81AF55015E9}.Debug|Any CPU.ActiveCfg = Debug|Any CPU
		{6F866A74-25A0-45A6-83EA-D81AF55015E9}.Debug|Any CPU.Build.0 = Debug|Any CPU
		{6F866A74-25A0-45A6-83EA-D81AF55015E9}.Release|Any CPU.ActiveCfg = Release|Any CPU
		{6F866A74-25A0-45A6-83EA-D81AF55015E9}.Release|Any CPU.Build.0 = Release|Any CPU
	EndGlobalSection
	GlobalSection(SolutionProperties) = preSolution
		HideSolutionNode = FALSE
	EndGlobalSection
	GlobalSection(ExtensibilityGlobals) = postSolution
		SolutionGuid = {36507EEC-8FB6-4768-9509-D049F971856A}
	EndGlobalSection
EndGlobal
